
Microsoft Visual Studio Solution File, Format Version 12.00
# Visual Studio Version 17
VisualStudioVersion = 17.9.34728.123
MinimumVisualStudioVersion = 10.0.40219.1
Project("{9A19103F-16F7-4668-BE54-9A1E7A4F7556}") = "MVCAssignment.WebApp", "MVCAssignmentWebApp\MVCAssignment.WebApp.csproj", "{2C8BEAFF-0DF7-46FA-8440-C76647DC6CF2}"
EndProject
Project("{9A19103F-16F7-4668-BE54-9A1E7A4F7556}") = "MVCAssignment.Model", "MVCAssignment.Model\MVCAssignment.Model.csproj", "{5899EAE3-7238-49DB-9A98-18BCB5AE4176}"
EndProject
Project("{9A19103F-16F7-4668-BE54-9A1E7A4F7556}") = "MVCAssignment.Repository", "MVCAssignment.Repository\MVCAssignment.Repository.csproj", "{794D1A41-2C15-4EF4-A795-CCB9B517D5EE}"
EndProject
Project("{9A19103F-16F7-4668-BE54-9A1E7A4F7556}") = "ManhPt_UnitTestAssignmen.UnitTest", "ManhPt_UnitTestAssignmen.UnitTest\ManhPt_UnitTestAssignmen.UnitTest.csproj", "{58E308C6-BF94-4C3E-A8AD-2709B35CDB49}"
EndProject
Project("{9A19103F-16F7-4668-BE54-9A1E7A4F7556}") = "MVCAssignment.Service", "MVCAssignment.Service\MVCAssignment.Service.csproj", "{61204A90-EDD6-4259-B0F4-CE9817F60EC4}"
EndProject
Global
	GlobalSection(SolutionConfigurationPlatforms) = preSolution
		Debug|Any CPU = Debug|Any CPU
		Release|Any CPU = Release|Any CPU
	EndGlobalSection
	GlobalSection(ProjectConfigurationPlatforms) = postSolution
		{2C8BEAFF-0DF7-46FA-8440-C76647DC6CF2}.Debug|Any CPU.ActiveCfg = Debug|Any CPU
		{2C8BEAFF-0DF7-46FA-8440-C76647DC6CF2}.Debug|Any CPU.Build.0 = Debug|Any CPU
		{2C8BEAFF-0DF7-46FA-8440-C76647DC6CF2}.Release|Any CPU.ActiveCfg = Release|Any CPU
		{2C8BEAFF-0DF7-46FA-8440-C76647DC6CF2}.Release|Any CPU.Build.0 = Release|Any CPU
		{5899EAE3-7238-49DB-9A98-18BCB5AE4176}.Debug|Any CPU.ActiveCfg = Debug|Any CPU
		{5899EAE3-7238-49DB-9A98-18BCB5AE4176}.Debug|Any CPU.Build.0 = Debug|Any CPU
		{5899EAE3-7238-49DB-9A98-18BCB5AE4176}.Release|Any CPU.ActiveCfg = Release|Any CPU
		{5899EAE3-7238-49DB-9A98-18BCB5AE4176}.Release|Any CPU.Build.0 = Release|Any CPU
		{794D1A41-2C15-4EF4-A795-CCB9B517D5EE}.Debug|Any CPU.ActiveCfg = Debug|Any CPU
		{794D1A41-2C15-4EF4-A795-CCB9B517D5EE}.Debug|Any CPU.Build.0 = Debug|Any CPU
		{794D1A41-2C15-4EF4-A795-CCB9B517D5EE}.Release|Any CPU.ActiveCfg = Release|Any CPU
		{794D1A41-2C15-4EF4-A795-CCB9B517D5EE}.Release|Any CPU.Build.0 = Release|Any CPU
		{58E308C6-BF94-4C3E-A8AD-2709B35CDB49}.Debug|Any CPU.ActiveCfg = Debug|Any CPU
		{58E308C6-BF94-4C3E-A8AD-2709B35CDB49}.Debug|Any CPU.Build.0 = Debug|Any CPU
		{58E308C6-BF94-4C3E-A8AD-2709B35CDB49}.Release|Any CPU.ActiveCfg = Release|Any CPU
		{58E308C6-BF94-4C3E-A8AD-2709B35CDB49}.Release|Any CPU.Build.0 = Release|Any CPU
		{61204A90-EDD6-4259-B0F4-CE9817F60EC4}.Debug|Any CPU.ActiveCfg = Debug|Any CPU
		{61204A90-EDD6-4259-B0F4-CE9817F60EC4}.Debug|Any CPU.Build.0 = Debug|Any CPU
		{61204A90-EDD6-4259-B0F4-CE9817F60EC4}.Release|Any CPU.ActiveCfg = Release|Any CPU
		{61204A90-EDD6-4259-B0F4-CE9817F60EC4}.Release|Any CPU.Build.0 = Release|Any CPU
	EndGlobalSection
	GlobalSection(SolutionProperties) = preSolution
		HideSolutionNode = FALSE
	EndGlobalSection
	GlobalSection(ExtensibilityGlobals) = postSolution
		SolutionGuid = {FB504EDF-DC2A-4356-BF55-678D39BF4440}
	EndGlobalSection
EndGlobal
