
Microsoft Visual Studio Solution File, Format Version 12.00
# Visual Studio Version 17
VisualStudioVersion = 17.9.34728.123
MinimumVisualStudioVersion = 10.0.40219.1
Project("{FAE04EC0-301F-11D3-BF4B-00C04F79EFBC}") = "ManhPT_APIAssignment.API", "ManhPT_APIAssignment.API\ManhPT_APIAssignment.API.csproj", "{3911ED2D-3569-4A8B-9567-3D4E6D10A00D}"
EndProject
Project("{FAE04EC0-301F-11D3-BF4B-00C04F79EFBC}") = "ManhPT_APIAssignment.Model", "ManhPT_APIAssignment.Model\ManhPT_APIAssignment.Model.csproj", "{409EF160-A91C-4841-93BB-CDCB2965BA8A}"
EndProject
Project("{FAE04EC0-301F-11D3-BF4B-00C04F79EFBC}") = "ManhPT_APIAssignment.Repository", "ManhPT_APIAssignment.Repository\ManhPT_APIAssignment.Repository.csproj", "{C75CAA2D-88F9-4CAD-9453-0D8EF6AAA62F}"
EndProject
Project("{FAE04EC0-301F-11D3-BF4B-00C04F79EFBC}") = "ManhPT_APIAssignment.Service", "ManhPT_APIAssignment.Service\ManhPT_APIAssignment.Service.csproj", "{DB2E755E-3AAD-4F9D-A398-858842E17D48}"
EndProject
Global
	GlobalSection(SolutionConfigurationPlatforms) = preSolution
		Debug|Any CPU = Debug|Any CPU
		Release|Any CPU = Release|Any CPU
	EndGlobalSection
	GlobalSection(ProjectConfigurationPlatforms) = postSolution
		{3911ED2D-3569-4A8B-9567-3D4E6D10A00D}.Debug|Any CPU.ActiveCfg = Debug|Any CPU
		{3911ED2D-3569-4A8B-9567-3D4E6D10A00D}.Debug|Any CPU.Build.0 = Debug|Any CPU
		{3911ED2D-3569-4A8B-9567-3D4E6D10A00D}.Release|Any CPU.ActiveCfg = Release|Any CPU
		{3911ED2D-3569-4A8B-9567-3D4E6D10A00D}.Release|Any CPU.Build.0 = Release|Any CPU
		{409EF160-A91C-4841-93BB-CDCB2965BA8A}.Debug|Any CPU.ActiveCfg = Debug|Any CPU
		{409EF160-A91C-4841-93BB-CDCB2965BA8A}.Debug|Any CPU.Build.0 = Debug|Any CPU
		{409EF160-A91C-4841-93BB-CDCB2965BA8A}.Release|Any CPU.ActiveCfg = Release|Any CPU
		{409EF160-A91C-4841-93BB-CDCB2965BA8A}.Release|Any CPU.Build.0 = Release|Any CPU
		{C75CAA2D-88F9-4CAD-9453-0D8EF6AAA62F}.Debug|Any CPU.ActiveCfg = Debug|Any CPU
		{C75CAA2D-88F9-4CAD-9453-0D8EF6AAA62F}.Debug|Any CPU.Build.0 = Debug|Any CPU
		{C75CAA2D-88F9-4CAD-9453-0D8EF6AAA62F}.Release|Any CPU.ActiveCfg = Release|Any CPU
		{C75CAA2D-88F9-4CAD-9453-0D8EF6AAA62F}.Release|Any CPU.Build.0 = Release|Any CPU
		{DB2E755E-3AAD-4F9D-A398-858842E17D48}.Debug|Any CPU.ActiveCfg = Debug|Any CPU
		{DB2E755E-3AAD-4F9D-A398-858842E17D48}.Debug|Any CPU.Build.0 = Debug|Any CPU
		{DB2E755E-3AAD-4F9D-A398-858842E17D48}.Release|Any CPU.ActiveCfg = Release|Any CPU
		{DB2E755E-3AAD-4F9D-A398-858842E17D48}.Release|Any CPU.Build.0 = Release|Any CPU
	EndGlobalSection
	GlobalSection(SolutionProperties) = preSolution
		HideSolutionNode = FALSE
	EndGlobalSection
	GlobalSection(ExtensibilityGlobals) = postSolution
		SolutionGuid = {0A871EF5-9A53-45F5-A5DB-2FA3DAC9A8E8}
	EndGlobalSection
EndGlobal
